
Microsoft Visual Studio Solution File, Format Version 12.00
# Visual Studio Version 17
VisualStudioVersion = 17.10.35122.118
MinimumVisualStudioVersion = 10.0.40219.1
Project("{FAE04EC0-301F-11D3-BF4B-00C04F79EFBC}") = "Tiny ICS Viewer", "Tiny ICS Viewer.csproj", "{01014505-6494-4A58-ACFF-F4A87B413CA5}"
EndProject
Global
	GlobalSection(SolutionConfigurationPlatforms) = preSolution
		Debug|Any CPU = Debug|Any CPU
		Release|Any CPU = Release|Any CPU
	EndGlobalSection
	GlobalSection(ProjectConfigurationPlatforms) = postSolution
		{01014505-6494-4A58-ACFF-F4A87B413CA5}.Debug|Any CPU.ActiveCfg = Debug|Any CPU
		{01014505-6494-4A58-ACFF-F4A87B413CA5}.Debug|Any CPU.Build.0 = Debug|Any CPU
		{01014505-6494-4A58-ACFF-F4A87B413CA5}.Release|Any CPU.ActiveCfg = Release|Any CPU
		{01014505-6494-4A58-ACFF-F4A87B413CA5}.Release|Any CPU.Build.0 = Release|Any CPU
	EndGlobalSection
	GlobalSection(SolutionProperties) = preSolution
		HideSolutionNode = FALSE
	EndGlobalSection
	GlobalSection(ExtensibilityGlobals) = postSolution
		SolutionGuid = {04E74A28-2E43-45D1-A269-1FC1C5516C2E}
	EndGlobalSection
EndGlobal
